
Microsoft Visual Studio Solution File, Format Version 11.00
# Visual C# Express 2010
Project("{FAE04EC0-301F-11D3-BF4B-00C04F79EFBC}") = "01.StringBuilderSubstring", "StringBuilderSubstring\01.StringBuilderSubstring.csproj", "{9639B781-CB03-4B15-8854-79263EF44C04}"
EndProject
Project("{FAE04EC0-301F-11D3-BF4B-00C04F79EFBC}") = "02.IEnumerable Extensions", "IEnumerable Extensions\02.IEnumerable Extensions.csproj", "{09D71EEB-2ECA-41BE-AB6A-0C3CC8C7C613}"
EndProject
Project("{FAE04EC0-301F-11D3-BF4B-00C04F79EFBC}") = "03.Students", "Students\03.Students.csproj", "{47146B44-FC34-4401-A7B0-A5597E911292}"
EndProject
Project("{FAE04EC0-301F-11D3-BF4B-00C04F79EFBC}") = "04.DivisibleBy7And3", "DivisibleBy7And3\04.DivisibleBy7And3.csproj", "{E1B9ADDF-D3E8-44EE-8CA4-3FB9D8711933}"
EndProject
Project("{FAE04EC0-301F-11D3-BF4B-00C04F79EFBC}") = "05.Timer", "Timer\05.Timer.csproj", "{54773DA7-4303-44DE-9950-6E89AA918D88}"
EndProject
Project("{FAE04EC0-301F-11D3-BF4B-00C04F79EFBC}") = "06.Events", "Events\06.Events.csproj", "{D1A11DF2-1BE2-4AB3-9C08-3E47295181A0}"
EndProject
Project("{FAE04EC0-301F-11D3-BF4B-00C04F79EFBC}") = "07.StudentGroups", "StudentGroups\07.StudentGroups.csproj", "{7399D2B2-0F16-427C-AF21-4D1AB616CE79}"
EndProject
Project("{FAE04EC0-301F-11D3-BF4B-00C04F79EFBC}") = "08.LongestString", "LongestString\08.LongestString.csproj", "{918D3608-D26B-4459-B7E9-73F65E4AD935}"
EndProject
Global
	GlobalSection(SolutionConfigurationPlatforms) = preSolution
		Debug|x86 = Debug|x86
		Release|x86 = Release|x86
	EndGlobalSection
	GlobalSection(ProjectConfigurationPlatforms) = postSolution
		{9639B781-CB03-4B15-8854-79263EF44C04}.Debug|x86.ActiveCfg = Debug|x86
		{9639B781-CB03-4B15-8854-79263EF44C04}.Debug|x86.Build.0 = Debug|x86
		{9639B781-CB03-4B15-8854-79263EF44C04}.Release|x86.ActiveCfg = Release|x86
		{9639B781-CB03-4B15-8854-79263EF44C04}.Release|x86.Build.0 = Release|x86
		{09D71EEB-2ECA-41BE-AB6A-0C3CC8C7C613}.Debug|x86.ActiveCfg = Debug|x86
		{09D71EEB-2ECA-41BE-AB6A-0C3CC8C7C613}.Debug|x86.Build.0 = Debug|x86
		{09D71EEB-2ECA-41BE-AB6A-0C3CC8C7C613}.Release|x86.ActiveCfg = Release|x86
		{09D71EEB-2ECA-41BE-AB6A-0C3CC8C7C613}.Release|x86.Build.0 = Release|x86
		{47146B44-FC34-4401-A7B0-A5597E911292}.Debug|x86.ActiveCfg = Debug|x86
		{47146B44-FC34-4401-A7B0-A5597E911292}.Debug|x86.Build.0 = Debug|x86
		{47146B44-FC34-4401-A7B0-A5597E911292}.Release|x86.ActiveCfg = Release|x86
		{47146B44-FC34-4401-A7B0-A5597E911292}.Release|x86.Build.0 = Release|x86
		{E1B9ADDF-D3E8-44EE-8CA4-3FB9D8711933}.Debug|x86.ActiveCfg = Debug|x86
		{E1B9ADDF-D3E8-44EE-8CA4-3FB9D8711933}.Debug|x86.Build.0 = Debug|x86
		{E1B9ADDF-D3E8-44EE-8CA4-3FB9D8711933}.Release|x86.ActiveCfg = Release|x86
		{E1B9ADDF-D3E8-44EE-8CA4-3FB9D8711933}.Release|x86.Build.0 = Release|x86
		{54773DA7-4303-44DE-9950-6E89AA918D88}.Debug|x86.ActiveCfg = Debug|x86
		{54773DA7-4303-44DE-9950-6E89AA918D88}.Debug|x86.Build.0 = Debug|x86
		{54773DA7-4303-44DE-9950-6E89AA918D88}.Release|x86.ActiveCfg = Release|x86
		{54773DA7-4303-44DE-9950-6E89AA918D88}.Release|x86.Build.0 = Release|x86
		{D1A11DF2-1BE2-4AB3-9C08-3E47295181A0}.Debug|x86.ActiveCfg = Debug|x86
		{D1A11DF2-1BE2-4AB3-9C08-3E47295181A0}.Debug|x86.Build.0 = Debug|x86
		{D1A11DF2-1BE2-4AB3-9C08-3E47295181A0}.Release|x86.ActiveCfg = Release|x86
		{D1A11DF2-1BE2-4AB3-9C08-3E47295181A0}.Release|x86.Build.0 = Release|x86
		{7399D2B2-0F16-427C-AF21-4D1AB616CE79}.Debug|x86.ActiveCfg = Debug|x86
		{7399D2B2-0F16-427C-AF21-4D1AB616CE79}.Debug|x86.Build.0 = Debug|x86
		{7399D2B2-0F16-427C-AF21-4D1AB616CE79}.Release|x86.ActiveCfg = Release|x86
		{7399D2B2-0F16-427C-AF21-4D1AB616CE79}.Release|x86.Build.0 = Release|x86
		{918D3608-D26B-4459-B7E9-73F65E4AD935}.Debug|x86.ActiveCfg = Debug|x86
		{918D3608-D26B-4459-B7E9-73F65E4AD935}.Debug|x86.Build.0 = Debug|x86
		{918D3608-D26B-4459-B7E9-73F65E4AD935}.Release|x86.ActiveCfg = Release|x86
		{918D3608-D26B-4459-B7E9-73F65E4AD935}.Release|x86.Build.0 = Release|x86
	EndGlobalSection
	GlobalSection(SolutionProperties) = preSolution
		HideSolutionNode = FALSE
	EndGlobalSection
EndGlobal
