
Microsoft Visual Studio Solution File, Format Version 12.00
# Visual Studio 2013
VisualStudioVersion = 12.0.40629.0
MinimumVisualStudioVersion = 10.0.40219.1
Project("{FAE04EC0-301F-11D3-BF4B-00C04F79EFBC}") = "01.TreeView", "TreeView\01.TreeView.csproj", "{B1B1397F-2BEE-4558-9E24-FCBB8F637918}"
EndProject
Project("{FAE04EC0-301F-11D3-BF4B-00C04F79EFBC}") = "02.MusicCategories", "MusicCategories\02.MusicCategories.csproj", "{0DC51A1A-9D4B-4B49-8090-ECEE44F5C43A}"
EndProject
Project("{FAE04EC0-301F-11D3-BF4B-00C04F79EFBC}") = "03.MembersLogin", "MembersLogin\03.MembersLogin.csproj", "{7F9207F5-F8E3-4382-B6BC-645FC22FD9C9}"
EndProject
Global
	GlobalSection(SolutionConfigurationPlatforms) = preSolution
		Debug|Any CPU = Debug|Any CPU
		Release|Any CPU = Release|Any CPU
	EndGlobalSection
	GlobalSection(ProjectConfigurationPlatforms) = postSolution
		{B1B1397F-2BEE-4558-9E24-FCBB8F637918}.Debug|Any CPU.ActiveCfg = Debug|Any CPU
		{B1B1397F-2BEE-4558-9E24-FCBB8F637918}.Debug|Any CPU.Build.0 = Debug|Any CPU
		{B1B1397F-2BEE-4558-9E24-FCBB8F637918}.Release|Any CPU.ActiveCfg = Release|Any CPU
		{B1B1397F-2BEE-4558-9E24-FCBB8F637918}.Release|Any CPU.Build.0 = Release|Any CPU
		{0DC51A1A-9D4B-4B49-8090-ECEE44F5C43A}.Debug|Any CPU.ActiveCfg = Debug|Any CPU
		{0DC51A1A-9D4B-4B49-8090-ECEE44F5C43A}.Debug|Any CPU.Build.0 = Debug|Any CPU
		{0DC51A1A-9D4B-4B49-8090-ECEE44F5C43A}.Release|Any CPU.ActiveCfg = Release|Any CPU
		{0DC51A1A-9D4B-4B49-8090-ECEE44F5C43A}.Release|Any CPU.Build.0 = Release|Any CPU
		{7F9207F5-F8E3-4382-B6BC-645FC22FD9C9}.Debug|Any CPU.ActiveCfg = Debug|Any CPU
		{7F9207F5-F8E3-4382-B6BC-645FC22FD9C9}.Debug|Any CPU.Build.0 = Debug|Any CPU
		{7F9207F5-F8E3-4382-B6BC-645FC22FD9C9}.Release|Any CPU.ActiveCfg = Release|Any CPU
		{7F9207F5-F8E3-4382-B6BC-645FC22FD9C9}.Release|Any CPU.Build.0 = Release|Any CPU
	EndGlobalSection
	GlobalSection(SolutionProperties) = preSolution
		HideSolutionNode = FALSE
	EndGlobalSection
EndGlobal
