
Microsoft Visual Studio Solution File, Format Version 12.00
# Visual Studio 2013
VisualStudioVersion = 12.0.40629.0
MinimumVisualStudioVersion = 10.0.40219.1
Project("{FAE04EC0-301F-11D3-BF4B-00C04F79EFBC}") = "01.TreeView", "TreeView\01.TreeView.csproj", "{B1B1397F-2BEE-4558-9E24-FCBB8F637918}"
EndProject
Project("{FAE04EC0-301F-11D3-BF4B-00C04F79EFBC}") = "02.MusicCategories", "MusicCategories\02.MusicCategories.csproj", "{0DC51A1A-9D4B-4B49-8090-ECEE44F5C43A}"
EndProject
Project("{FAE04EC0-301F-11D3-BF4B-00C04F79EFBC}") = "03.MembersLogin", "MembersLogin\03.MembersLogin.csproj", "{7F9207F5-F8E3-4382-B6BC-645FC22FD9C9}"
EndProject
Project("{FAE04EC0-301F-11D3-BF4B-00C04F79EFBC}") = "04.CSS-DocumentationSite", "CSS-DocumentationSite\04.CSS-DocumentationSite.csproj", "{B729E9F3-4EB8-457A-B022-30D5447E3B56}"
EndProject
Project("{FAE04EC0-301F-11D3-BF4B-00C04F79EFBC}") = "05.LaptopStore", "LaptopStore\05.LaptopStore.csproj", "{7C9D1D42-F9D5-4F66-9643-607486CCC5AD}"
EndProject
Project("{FAE04EC0-301F-11D3-BF4B-00C04F79EFBC}") = "06.News", "News\06.News.csproj", "{0D9330F0-6B9E-4267-93FE-34BF4B89FFC8}"
EndProject
Global
	GlobalSection(SolutionConfigurationPlatforms) = preSolution
		Debug|Any CPU = Debug|Any CPU
		Release|Any CPU = Release|Any CPU
	EndGlobalSection
	GlobalSection(ProjectConfigurationPlatforms) = postSolution
		{B1B1397F-2BEE-4558-9E24-FCBB8F637918}.Debug|Any CPU.ActiveCfg = Debug|Any CPU
		{B1B1397F-2BEE-4558-9E24-FCBB8F637918}.Debug|Any CPU.Build.0 = Debug|Any CPU
		{B1B1397F-2BEE-4558-9E24-FCBB8F637918}.Release|Any CPU.ActiveCfg = Release|Any CPU
		{B1B1397F-2BEE-4558-9E24-FCBB8F637918}.Release|Any CPU.Build.0 = Release|Any CPU
		{0DC51A1A-9D4B-4B49-8090-ECEE44F5C43A}.Debug|Any CPU.ActiveCfg = Debug|Any CPU
		{0DC51A1A-9D4B-4B49-8090-ECEE44F5C43A}.Debug|Any CPU.Build.0 = Debug|Any CPU
		{0DC51A1A-9D4B-4B49-8090-ECEE44F5C43A}.Release|Any CPU.ActiveCfg = Release|Any CPU
		{0DC51A1A-9D4B-4B49-8090-ECEE44F5C43A}.Release|Any CPU.Build.0 = Release|Any CPU
		{7F9207F5-F8E3-4382-B6BC-645FC22FD9C9}.Debug|Any CPU.ActiveCfg = Debug|Any CPU
		{7F9207F5-F8E3-4382-B6BC-645FC22FD9C9}.Debug|Any CPU.Build.0 = Debug|Any CPU
		{7F9207F5-F8E3-4382-B6BC-645FC22FD9C9}.Release|Any CPU.ActiveCfg = Release|Any CPU
		{7F9207F5-F8E3-4382-B6BC-645FC22FD9C9}.Release|Any CPU.Build.0 = Release|Any CPU
		{B729E9F3-4EB8-457A-B022-30D5447E3B56}.Debug|Any CPU.ActiveCfg = Debug|Any CPU
		{B729E9F3-4EB8-457A-B022-30D5447E3B56}.Debug|Any CPU.Build.0 = Debug|Any CPU
		{B729E9F3-4EB8-457A-B022-30D5447E3B56}.Release|Any CPU.ActiveCfg = Release|Any CPU
		{B729E9F3-4EB8-457A-B022-30D5447E3B56}.Release|Any CPU.Build.0 = Release|Any CPU
		{7C9D1D42-F9D5-4F66-9643-607486CCC5AD}.Debug|Any CPU.ActiveCfg = Debug|Any CPU
		{7C9D1D42-F9D5-4F66-9643-607486CCC5AD}.Debug|Any CPU.Build.0 = Debug|Any CPU
		{7C9D1D42-F9D5-4F66-9643-607486CCC5AD}.Release|Any CPU.ActiveCfg = Release|Any CPU
		{7C9D1D42-F9D5-4F66-9643-607486CCC5AD}.Release|Any CPU.Build.0 = Release|Any CPU
		{0D9330F0-6B9E-4267-93FE-34BF4B89FFC8}.Debug|Any CPU.ActiveCfg = Debug|Any CPU
		{0D9330F0-6B9E-4267-93FE-34BF4B89FFC8}.Debug|Any CPU.Build.0 = Debug|Any CPU
		{0D9330F0-6B9E-4267-93FE-34BF4B89FFC8}.Release|Any CPU.ActiveCfg = Release|Any CPU
		{0D9330F0-6B9E-4267-93FE-34BF4B89FFC8}.Release|Any CPU.Build.0 = Release|Any CPU
	EndGlobalSection
	GlobalSection(SolutionProperties) = preSolution
		HideSolutionNode = FALSE
	EndGlobalSection
EndGlobal
