
Microsoft Visual Studio Solution File, Format Version 12.00
# Visual Studio 2013
VisualStudioVersion = 12.0.40629.0
MinimumVisualStudioVersion = 10.0.40219.1
Project("{FAE04EC0-301F-11D3-BF4B-00C04F79EFBC}") = "01.Shapes", "Shapes\01.Shapes.csproj", "{BF6E50A2-FCB9-4B89-AA5C-22063F72BC57}"
EndProject
Project("{FAE04EC0-301F-11D3-BF4B-00C04F79EFBC}") = "02.BankAccounts", "BankAccounts\02.BankAccounts.csproj", "{F5CC63FD-83D0-4BE1-8EA1-9D9ECFDDEF48}"
EndProject
Project("{FAE04EC0-301F-11D3-BF4B-00C04F79EFBC}") = "03.RangeExceptions", "RangeExceptions\03.RangeExceptions.csproj", "{4F93F154-A88B-4CF2-B557-BC176C13C0A2}"
EndProject
Global
	GlobalSection(SolutionConfigurationPlatforms) = preSolution
		Debug|Any CPU = Debug|Any CPU
		Release|Any CPU = Release|Any CPU
	EndGlobalSection
	GlobalSection(ProjectConfigurationPlatforms) = postSolution
		{BF6E50A2-FCB9-4B89-AA5C-22063F72BC57}.Debug|Any CPU.ActiveCfg = Debug|Any CPU
		{BF6E50A2-FCB9-4B89-AA5C-22063F72BC57}.Debug|Any CPU.Build.0 = Debug|Any CPU
		{BF6E50A2-FCB9-4B89-AA5C-22063F72BC57}.Release|Any CPU.ActiveCfg = Release|Any CPU
		{BF6E50A2-FCB9-4B89-AA5C-22063F72BC57}.Release|Any CPU.Build.0 = Release|Any CPU
		{F5CC63FD-83D0-4BE1-8EA1-9D9ECFDDEF48}.Debug|Any CPU.ActiveCfg = Debug|Any CPU
		{F5CC63FD-83D0-4BE1-8EA1-9D9ECFDDEF48}.Debug|Any CPU.Build.0 = Debug|Any CPU
		{F5CC63FD-83D0-4BE1-8EA1-9D9ECFDDEF48}.Release|Any CPU.ActiveCfg = Release|Any CPU
		{F5CC63FD-83D0-4BE1-8EA1-9D9ECFDDEF48}.Release|Any CPU.Build.0 = Release|Any CPU
		{4F93F154-A88B-4CF2-B557-BC176C13C0A2}.Debug|Any CPU.ActiveCfg = Debug|Any CPU
		{4F93F154-A88B-4CF2-B557-BC176C13C0A2}.Debug|Any CPU.Build.0 = Debug|Any CPU
		{4F93F154-A88B-4CF2-B557-BC176C13C0A2}.Release|Any CPU.ActiveCfg = Release|Any CPU
		{4F93F154-A88B-4CF2-B557-BC176C13C0A2}.Release|Any CPU.Build.0 = Release|Any CPU
	EndGlobalSection
	GlobalSection(SolutionProperties) = preSolution
		HideSolutionNode = FALSE
	EndGlobalSection
EndGlobal
